
Microsoft Visual Studio Solution File, Format Version 12.00
# Visual Studio Version 16
VisualStudioVersion = 16.0.34931.43
MinimumVisualStudioVersion = 10.0.40219.1
Project("{FAE04EC0-301F-11D3-BF4B-00C04F79EFBC}") = "Gurux try", "Gurux try\Gurux try.csproj", "{46A4C1BC-4102-43FD-B103-D79A214F6643}"
EndProject
Project("{FAE04EC0-301F-11D3-BF4B-00C04F79EFBC}") = "GuruxIndiaBase", "GuruxIndiaBase\GuruxIndiaBase.csproj", "{CDCC0D9E-39B5-4757-909B-15E47DB0E84F}"
EndProject
Project("{FAE04EC0-301F-11D3-BF4B-00C04F79EFBC}") = "GXDLL", "GXDLL\GXDLL.csproj", "{21EF5C70-14AD-44FE-83A7-AEBF7743541D}"
EndProject
Global
	GlobalSection(SolutionConfigurationPlatforms) = preSolution
		Debug|Any CPU = Debug|Any CPU
		Release|Any CPU = Release|Any CPU
	EndGlobalSection
	GlobalSection(ProjectConfigurationPlatforms) = postSolution
		{46A4C1BC-4102-43FD-B103-D79A214F6643}.Debug|Any CPU.ActiveCfg = Debug|Any CPU
		{46A4C1BC-4102-43FD-B103-D79A214F6643}.Debug|Any CPU.Build.0 = Debug|Any CPU
		{46A4C1BC-4102-43FD-B103-D79A214F6643}.Release|Any CPU.ActiveCfg = Release|Any CPU
		{46A4C1BC-4102-43FD-B103-D79A214F6643}.Release|Any CPU.Build.0 = Release|Any CPU
		{CDCC0D9E-39B5-4757-909B-15E47DB0E84F}.Debug|Any CPU.ActiveCfg = Debug|Any CPU
		{CDCC0D9E-39B5-4757-909B-15E47DB0E84F}.Debug|Any CPU.Build.0 = Debug|Any CPU
		{CDCC0D9E-39B5-4757-909B-15E47DB0E84F}.Release|Any CPU.ActiveCfg = Release|Any CPU
		{CDCC0D9E-39B5-4757-909B-15E47DB0E84F}.Release|Any CPU.Build.0 = Release|Any CPU
		{21EF5C70-14AD-44FE-83A7-AEBF7743541D}.Debug|Any CPU.ActiveCfg = Debug|Any CPU
		{21EF5C70-14AD-44FE-83A7-AEBF7743541D}.Debug|Any CPU.Build.0 = Debug|Any CPU
		{21EF5C70-14AD-44FE-83A7-AEBF7743541D}.Release|Any CPU.ActiveCfg = Release|Any CPU
		{21EF5C70-14AD-44FE-83A7-AEBF7743541D}.Release|Any CPU.Build.0 = Release|Any CPU
	EndGlobalSection
	GlobalSection(SolutionProperties) = preSolution
		HideSolutionNode = FALSE
	EndGlobalSection
	GlobalSection(ExtensibilityGlobals) = postSolution
		SolutionGuid = {60C49232-723E-451A-AFBE-07ECFF41BC95}
	EndGlobalSection
EndGlobal
